
Microsoft Visual Studio Solution File, Format Version 12.00
# Visual Studio Version 17
VisualStudioVersion = 17.14.37203.1 d17.14
MinimumVisualStudioVersion = 10.0.40219.1
Project("{FAE04EC0-301F-11D3-BF4B-00C04F79EFBC}") = "NUEVA_IT201WM_LABACT1_FINAL", "NUEVA_IT201WM_LABACT1_FINAL\NUEVA_IT201WM_LABACT1_FINAL.csproj", "{A6D0076E-DDF1-484B-9721-4C664B330DF6}"
EndProject
Global
	GlobalSection(SolutionConfigurationPlatforms) = preSolution
		Debug|Any CPU = Debug|Any CPU
		Release|Any CPU = Release|Any CPU
	EndGlobalSection
	GlobalSection(ProjectConfigurationPlatforms) = postSolution
		{A6D0076E-DDF1-484B-9721-4C664B330DF6}.Debug|Any CPU.ActiveCfg = Debug|Any CPU
		{A6D0076E-DDF1-484B-9721-4C664B330DF6}.Debug|Any CPU.Build.0 = Debug|Any CPU
		{A6D0076E-DDF1-484B-9721-4C664B330DF6}.Release|Any CPU.ActiveCfg = Release|Any CPU
		{A6D0076E-DDF1-484B-9721-4C664B330DF6}.Release|Any CPU.Build.0 = Release|Any CPU
	EndGlobalSection
	GlobalSection(SolutionProperties) = preSolution
		HideSolutionNode = FALSE
	EndGlobalSection
	GlobalSection(ExtensibilityGlobals) = postSolution
		SolutionGuid = {235208DF-4A58-472C-886E-A0F5C8C95DE6}
	EndGlobalSection
EndGlobal
